
Microsoft Visual Studio Solution File, Format Version 12.00
# Visual Studio 2013
VisualStudioVersion = 12.0.31101.0
MinimumVisualStudioVersion = 10.0.40219.1
Project("{FAE04EC0-301F-11D3-BF4B-00C04F79EFBC}") = "SimulationStepModule", "Module\SimulationStepModule.csproj", "{8C381B5A-3FD7-4311-9C42-F8115587E5FD}"
EndProject
Project("{8BC9CEB8-8B4A-11D0-8D11-00A0C91BC942}") = "NewModuleWithSourceDepsCuda", "Cuda\NewModuleCuda.vcxproj", "{BFCFA346-8A89-4329-994D-AEA04CE62F69}"
EndProject
Project("{FAE04EC0-301F-11D3-BF4B-00C04F79EFBC}") = "Core", "..\..\Platform\Core\Core.csproj", "{91324E64-9B84-4312-9E55-5A77DF07DA1B}"
EndProject
Project("{2150E333-8FDC-42A3-9474-1A3956D46DE8}") = "Solution Items", "Solution Items", "{9C8174E7-F1C5-46EE-B64B-CCD59600506E}"
	ProjectSection(SolutionItems) = preProject
		README.md = README.md
	EndProjectSection
EndProject
Project("{FAE04EC0-301F-11D3-BF4B-00C04F79EFBC}") = "BrainSimulator", "..\..\Platform\BrainSimulator\BrainSimulator.csproj", "{E45FA5B2-15E6-49E5-ABE5-18FE9A7D027D}"
EndProject
Global
	GlobalSection(SolutionConfigurationPlatforms) = preSolution
		Debug|Any CPU = Debug|Any CPU
		Debug|Mixed Platforms = Debug|Mixed Platforms
		Debug|Win32 = Debug|Win32
		Debug|x64 = Debug|x64
		Release|Any CPU = Release|Any CPU
		Release|Mixed Platforms = Release|Mixed Platforms
		Release|Win32 = Release|Win32
		Release|x64 = Release|x64
	EndGlobalSection
	GlobalSection(ProjectConfigurationPlatforms) = postSolution
		{8C381B5A-3FD7-4311-9C42-F8115587E5FD}.Debug|Any CPU.ActiveCfg = Debug|Any CPU
		{8C381B5A-3FD7-4311-9C42-F8115587E5FD}.Debug|Any CPU.Build.0 = Debug|Any CPU
		{8C381B5A-3FD7-4311-9C42-F8115587E5FD}.Debug|Mixed Platforms.ActiveCfg = Debug|Any CPU
		{8C381B5A-3FD7-4311-9C42-F8115587E5FD}.Debug|Mixed Platforms.Build.0 = Debug|Any CPU
		{8C381B5A-3FD7-4311-9C42-F8115587E5FD}.Debug|Win32.ActiveCfg = Debug|Any CPU
		{8C381B5A-3FD7-4311-9C42-F8115587E5FD}.Debug|x64.ActiveCfg = Debug|Any CPU
		{8C381B5A-3FD7-4311-9C42-F8115587E5FD}.Release|Any CPU.ActiveCfg = Release|Any CPU
		{8C381B5A-3FD7-4311-9C42-F8115587E5FD}.Release|Any CPU.Build.0 = Release|Any CPU
		{8C381B5A-3FD7-4311-9C42-F8115587E5FD}.Release|Mixed Platforms.ActiveCfg = Release|Any CPU
		{8C381B5A-3FD7-4311-9C42-F8115587E5FD}.Release|Mixed Platforms.Build.0 = Release|Any CPU
		{8C381B5A-3FD7-4311-9C42-F8115587E5FD}.Release|Win32.ActiveCfg = Release|Any CPU
		{8C381B5A-3FD7-4311-9C42-F8115587E5FD}.Release|x64.ActiveCfg = Release|Any CPU
		{BFCFA346-8A89-4329-994D-AEA04CE62F69}.Debug|Any CPU.ActiveCfg = Debug|Win32
		{BFCFA346-8A89-4329-994D-AEA04CE62F69}.Debug|Mixed Platforms.ActiveCfg = Debug|Win32
		{BFCFA346-8A89-4329-994D-AEA04CE62F69}.Debug|Mixed Platforms.Build.0 = Debug|Win32
		{BFCFA346-8A89-4329-994D-AEA04CE62F69}.Debug|Win32.ActiveCfg = Debug|Win32
		{BFCFA346-8A89-4329-994D-AEA04CE62F69}.Debug|Win32.Build.0 = Debug|Win32
		{BFCFA346-8A89-4329-994D-AEA04CE62F69}.Debug|x64.ActiveCfg = Debug|x64
		{BFCFA346-8A89-4329-994D-AEA04CE62F69}.Debug|x64.Build.0 = Debug|x64
		{BFCFA346-8A89-4329-994D-AEA04CE62F69}.Release|Any CPU.ActiveCfg = Release|Win32
		{BFCFA346-8A89-4329-994D-AEA04CE62F69}.Release|Mixed Platforms.ActiveCfg = Release|Win32
		{BFCFA346-8A89-4329-994D-AEA04CE62F69}.Release|Mixed Platforms.Build.0 = Release|Win32
		{BFCFA346-8A89-4329-994D-AEA04CE62F69}.Release|Win32.ActiveCfg = Release|Win32
		{BFCFA346-8A89-4329-994D-AEA04CE62F69}.Release|Win32.Build.0 = Release|Win32
		{BFCFA346-8A89-4329-994D-AEA04CE62F69}.Release|x64.ActiveCfg = Release|x64
		{BFCFA346-8A89-4329-994D-AEA04CE62F69}.Release|x64.Build.0 = Release|x64
		{91324E64-9B84-4312-9E55-5A77DF07DA1B}.Debug|Any CPU.ActiveCfg = Debug|Any CPU
		{91324E64-9B84-4312-9E55-5A77DF07DA1B}.Debug|Any CPU.Build.0 = Debug|Any CPU
		{91324E64-9B84-4312-9E55-5A77DF07DA1B}.Debug|Mixed Platforms.ActiveCfg = Debug|Any CPU
		{91324E64-9B84-4312-9E55-5A77DF07DA1B}.Debug|Mixed Platforms.Build.0 = Debug|Any CPU
		{91324E64-9B84-4312-9E55-5A77DF07DA1B}.Debug|Win32.ActiveCfg = Debug|Any CPU
		{91324E64-9B84-4312-9E55-5A77DF07DA1B}.Debug|x64.ActiveCfg = Debug|x64
		{91324E64-9B84-4312-9E55-5A77DF07DA1B}.Debug|x64.Build.0 = Debug|x64
		{91324E64-9B84-4312-9E55-5A77DF07DA1B}.Release|Any CPU.ActiveCfg = Release|Any CPU
		{91324E64-9B84-4312-9E55-5A77DF07DA1B}.Release|Any CPU.Build.0 = Release|Any CPU
		{91324E64-9B84-4312-9E55-5A77DF07DA1B}.Release|Mixed Platforms.ActiveCfg = Release|Any CPU
		{91324E64-9B84-4312-9E55-5A77DF07DA1B}.Release|Mixed Platforms.Build.0 = Release|Any CPU
		{91324E64-9B84-4312-9E55-5A77DF07DA1B}.Release|Win32.ActiveCfg = Release|Any CPU
		{91324E64-9B84-4312-9E55-5A77DF07DA1B}.Release|x64.ActiveCfg = Release|x64
		{91324E64-9B84-4312-9E55-5A77DF07DA1B}.Release|x64.Build.0 = Release|x64
		{E45FA5B2-15E6-49E5-ABE5-18FE9A7D027D}.Debug|Any CPU.ActiveCfg = Debug|Any CPU
		{E45FA5B2-15E6-49E5-ABE5-18FE9A7D027D}.Debug|Any CPU.Build.0 = Debug|Any CPU
		{E45FA5B2-15E6-49E5-ABE5-18FE9A7D027D}.Debug|Mixed Platforms.ActiveCfg = Debug|Any CPU
		{E45FA5B2-15E6-49E5-ABE5-18FE9A7D027D}.Debug|Mixed Platforms.Build.0 = Debug|Any CPU
		{E45FA5B2-15E6-49E5-ABE5-18FE9A7D027D}.Debug|Win32.ActiveCfg = Debug|Any CPU
		{E45FA5B2-15E6-49E5-ABE5-18FE9A7D027D}.Debug|x64.ActiveCfg = Debug|x64
		{E45FA5B2-15E6-49E5-ABE5-18FE9A7D027D}.Debug|x64.Build.0 = Debug|x64
		{E45FA5B2-15E6-49E5-ABE5-18FE9A7D027D}.Release|Any CPU.ActiveCfg = Release|Any CPU
		{E45FA5B2-15E6-49E5-ABE5-18FE9A7D027D}.Release|Any CPU.Build.0 = Release|Any CPU
		{E45FA5B2-15E6-49E5-ABE5-18FE9A7D027D}.Release|Mixed Platforms.ActiveCfg = Release|Any CPU
		{E45FA5B2-15E6-49E5-ABE5-18FE9A7D027D}.Release|Mixed Platforms.Build.0 = Release|Any CPU
		{E45FA5B2-15E6-49E5-ABE5-18FE9A7D027D}.Release|Win32.ActiveCfg = Release|Any CPU
		{E45FA5B2-15E6-49E5-ABE5-18FE9A7D027D}.Release|x64.ActiveCfg = Release|x64
		{E45FA5B2-15E6-49E5-ABE5-18FE9A7D027D}.Release|x64.Build.0 = Release|x64
	EndGlobalSection
	GlobalSection(SolutionProperties) = preSolution
		HideSolutionNode = FALSE
	EndGlobalSection
EndGlobal
